
Microsoft Visual Studio Solution File, Format Version 12.00
# Visual Studio 15
VisualStudioVersion = 15.0.27703.2018
MinimumVisualStudioVersion = 10.0.40219.1
Project("{FAE04EC0-301F-11D3-BF4B-00C04F79EFBC}") = "Sleep_Tight_v1_3.Android", "Sleep_Tight_v1_3\Sleep_Tight_v1_3.Android\Sleep_Tight_v1_3.Android.csproj", "{6F0CDB1D-FADB-46FE-B31A-213040907779}"
EndProject
Project("{FAE04EC0-301F-11D3-BF4B-00C04F79EFBC}") = "Sleep_Tight_v1_3.iOS", "Sleep_Tight_v1_3\Sleep_Tight_v1_3.iOS\Sleep_Tight_v1_3.iOS.csproj", "{9B9D30F2-04FF-41FB-90B8-A7CCA3D64648}"
EndProject
Project("{FAE04EC0-301F-11D3-BF4B-00C04F79EFBC}") = "Sleep_Tight_v1_3.UWP", "Sleep_Tight_v1_3\Sleep_Tight_v1_3.UWP\Sleep_Tight_v1_3.UWP.csproj", "{CDE59F2F-48D5-4FD8-9EBF-85065F3CF086}"
EndProject
Project("{FAE04EC0-301F-11D3-BF4B-00C04F79EFBC}") = "Sleep_Tight_v1_3", "Sleep_Tight_v1_3\Sleep_Tight_v1_3\Sleep_Tight_v1_3.csproj", "{3C43EF93-DB2C-40BD-AE77-FC85DA4781F7}"
EndProject
Global
	GlobalSection(SolutionConfigurationPlatforms) = preSolution
		Ad-Hoc|Any CPU = Ad-Hoc|Any CPU
		Ad-Hoc|ARM = Ad-Hoc|ARM
		Ad-Hoc|iPhone = Ad-Hoc|iPhone
		Ad-Hoc|iPhoneSimulator = Ad-Hoc|iPhoneSimulator
		Ad-Hoc|x64 = Ad-Hoc|x64
		Ad-Hoc|x86 = Ad-Hoc|x86
		AppStore|Any CPU = AppStore|Any CPU
		AppStore|ARM = AppStore|ARM
		AppStore|iPhone = AppStore|iPhone
		AppStore|iPhoneSimulator = AppStore|iPhoneSimulator
		AppStore|x64 = AppStore|x64
		AppStore|x86 = AppStore|x86
		Debug|Any CPU = Debug|Any CPU
		Debug|ARM = Debug|ARM
		Debug|iPhone = Debug|iPhone
		Debug|iPhoneSimulator = Debug|iPhoneSimulator
		Debug|x64 = Debug|x64
		Debug|x86 = Debug|x86
		Release|Any CPU = Release|Any CPU
		Release|ARM = Release|ARM
		Release|iPhone = Release|iPhone
		Release|iPhoneSimulator = Release|iPhoneSimulator
		Release|x64 = Release|x64
		Release|x86 = Release|x86
	EndGlobalSection
	GlobalSection(ProjectConfigurationPlatforms) = postSolution
		{6F0CDB1D-FADB-46FE-B31A-213040907779}.Ad-Hoc|Any CPU.ActiveCfg = Release|Any CPU
		{6F0CDB1D-FADB-46FE-B31A-213040907779}.Ad-Hoc|Any CPU.Build.0 = Release|Any CPU
		{6F0CDB1D-FADB-46FE-B31A-213040907779}.Ad-Hoc|Any CPU.Deploy.0 = Release|Any CPU
		{6F0CDB1D-FADB-46FE-B31A-213040907779}.Ad-Hoc|ARM.ActiveCfg = Release|Any CPU
		{6F0CDB1D-FADB-46FE-B31A-213040907779}.Ad-Hoc|ARM.Build.0 = Release|Any CPU
		{6F0CDB1D-FADB-46FE-B31A-213040907779}.Ad-Hoc|ARM.Deploy.0 = Release|Any CPU
		{6F0CDB1D-FADB-46FE-B31A-213040907779}.Ad-Hoc|iPhone.ActiveCfg = Release|Any CPU
		{6F0CDB1D-FADB-46FE-B31A-213040907779}.Ad-Hoc|iPhone.Build.0 = Release|Any CPU
		{6F0CDB1D-FADB-46FE-B31A-213040907779}.Ad-Hoc|iPhone.Deploy.0 = Release|Any CPU
		{6F0CDB1D-FADB-46FE-B31A-213040907779}.Ad-Hoc|iPhoneSimulator.ActiveCfg = Release|Any CPU
		{6F0CDB1D-FADB-46FE-B31A-213040907779}.Ad-Hoc|iPhoneSimulator.Build.0 = Release|Any CPU
		{6F0CDB1D-FADB-46FE-B31A-213040907779}.Ad-Hoc|iPhoneSimulator.Deploy.0 = Release|Any CPU
		{6F0CDB1D-FADB-46FE-B31A-213040907779}.Ad-Hoc|x64.ActiveCfg = Release|Any CPU
		{6F0CDB1D-FADB-46FE-B31A-213040907779}.Ad-Hoc|x64.Build.0 = Release|Any CPU
		{6F0CDB1D-FADB-46FE-B31A-213040907779}.Ad-Hoc|x64.Deploy.0 = Release|Any CPU
		{6F0CDB1D-FADB-46FE-B31A-213040907779}.Ad-Hoc|x86.ActiveCfg = Release|Any CPU
		{6F0CDB1D-FADB-46FE-B31A-213040907779}.Ad-Hoc|x86.Build.0 = Release|Any CPU
		{6F0CDB1D-FADB-46FE-B31A-213040907779}.Ad-Hoc|x86.Deploy.0 = Release|Any CPU
		{6F0CDB1D-FADB-46FE-B31A-213040907779}.AppStore|Any CPU.ActiveCfg = Release|Any CPU
		{6F0CDB1D-FADB-46FE-B31A-213040907779}.AppStore|Any CPU.Build.0 = Release|Any CPU
		{6F0CDB1D-FADB-46FE-B31A-213040907779}.AppStore|Any CPU.Deploy.0 = Release|Any CPU
		{6F0CDB1D-FADB-46FE-B31A-213040907779}.AppStore|ARM.ActiveCfg = Release|Any CPU
		{6F0CDB1D-FADB-46FE-B31A-213040907779}.AppStore|ARM.Build.0 = Release|Any CPU
		{6F0CDB1D-FADB-46FE-B31A-213040907779}.AppStore|ARM.Deploy.0 = Release|Any CPU
		{6F0CDB1D-FADB-46FE-B31A-213040907779}.AppStore|iPhone.ActiveCfg = Release|Any CPU
		{6F0CDB1D-FADB-46FE-B31A-213040907779}.AppStore|iPhone.Build.0 = Release|Any CPU
		{6F0CDB1D-FADB-46FE-B31A-213040907779}.AppStore|iPhone.Deploy.0 = Release|Any CPU
		{6F0CDB1D-FADB-46FE-B31A-213040907779}.AppStore|iPhoneSimulator.ActiveCfg = Release|Any CPU
		{6F0CDB1D-FADB-46FE-B31A-213040907779}.AppStore|iPhoneSimulator.Build.0 = Release|Any CPU
		{6F0CDB1D-FADB-46FE-B31A-213040907779}.AppStore|iPhoneSimulator.Deploy.0 = Release|Any CPU
		{6F0CDB1D-FADB-46FE-B31A-213040907779}.AppStore|x64.ActiveCfg = Release|Any CPU
		{6F0CDB1D-FADB-46FE-B31A-213040907779}.AppStore|x64.Build.0 = Release|Any CPU
		{6F0CDB1D-FADB-46FE-B31A-213040907779}.AppStore|x64.Deploy.0 = Release|Any CPU
		{6F0CDB1D-FADB-46FE-B31A-213040907779}.AppStore|x86.ActiveCfg = Release|Any CPU
		{6F0CDB1D-FADB-46FE-B31A-213040907779}.AppStore|x86.Build.0 = Release|Any CPU
		{6F0CDB1D-FADB-46FE-B31A-213040907779}.AppStore|x86.Deploy.0 = Release|Any CPU
		{6F0CDB1D-FADB-46FE-B31A-213040907779}.Debug|Any CPU.ActiveCfg = Debug|Any CPU
		{6F0CDB1D-FADB-46FE-B31A-213040907779}.Debug|Any CPU.Build.0 = Debug|Any CPU
		{6F0CDB1D-FADB-46FE-B31A-213040907779}.Debug|Any CPU.Deploy.0 = Debug|Any CPU
		{6F0CDB1D-FADB-46FE-B31A-213040907779}.Debug|ARM.ActiveCfg = Debug|Any CPU
		{6F0CDB1D-FADB-46FE-B31A-213040907779}.Debug|ARM.Build.0 = Debug|Any CPU
		{6F0CDB1D-FADB-46FE-B31A-213040907779}.Debug|ARM.Deploy.0 = Debug|Any CPU
		{6F0CDB1D-FADB-46FE-B31A-213040907779}.Debug|iPhone.ActiveCfg = Debug|Any CPU
		{6F0CDB1D-FADB-46FE-B31A-213040907779}.Debug|iPhone.Build.0 = Debug|Any CPU
		{6F0CDB1D-FADB-46FE-B31A-213040907779}.Debug|iPhone.Deploy.0 = Debug|Any CPU
		{6F0CDB1D-FADB-46FE-B31A-213040907779}.Debug|iPhoneSimulator.ActiveCfg = Debug|Any CPU
		{6F0CDB1D-FADB-46FE-B31A-213040907779}.Debug|iPhoneSimulator.Build.0 = Debug|Any CPU
		{6F0CDB1D-FADB-46FE-B31A-213040907779}.Debug|iPhoneSimulator.Deploy.0 = Debug|Any CPU
		{6F0CDB1D-FADB-46FE-B31A-213040907779}.Debug|x64.ActiveCfg = Debug|Any CPU
		{6F0CDB1D-FADB-46FE-B31A-213040907779}.Debug|x64.Build.0 = Debug|Any CPU
		{6F0CDB1D-FADB-46FE-B31A-213040907779}.Debug|x64.Deploy.0 = Debug|Any CPU
		{6F0CDB1D-FADB-46FE-B31A-213040907779}.Debug|x86.ActiveCfg = Debug|Any CPU
		{6F0CDB1D-FADB-46FE-B31A-213040907779}.Debug|x86.Build.0 = Debug|Any CPU
		{6F0CDB1D-FADB-46FE-B31A-213040907779}.Debug|x86.Deploy.0 = Debug|Any CPU
		{6F0CDB1D-FADB-46FE-B31A-213040907779}.Release|Any CPU.ActiveCfg = Release|Any CPU
		{6F0CDB1D-FADB-46FE-B31A-213040907779}.Release|Any CPU.Build.0 = Release|Any CPU
		{6F0CDB1D-FADB-46FE-B31A-213040907779}.Release|Any CPU.Deploy.0 = Release|Any CPU
		{6F0CDB1D-FADB-46FE-B31A-213040907779}.Release|ARM.ActiveCfg = Release|Any CPU
		{6F0CDB1D-FADB-46FE-B31A-213040907779}.Release|ARM.Build.0 = Release|Any CPU
		{6F0CDB1D-FADB-46FE-B31A-213040907779}.Release|ARM.Deploy.0 = Release|Any CPU
		{6F0CDB1D-FADB-46FE-B31A-213040907779}.Release|iPhone.ActiveCfg = Release|Any CPU
		{6F0CDB1D-FADB-46FE-B31A-213040907779}.Release|iPhone.Build.0 = Release|Any CPU
		{6F0CDB1D-FADB-46FE-B31A-213040907779}.Release|iPhone.Deploy.0 = Release|Any CPU
		{6F0CDB1D-FADB-46FE-B31A-213040907779}.Release|iPhoneSimulator.ActiveCfg = Release|Any CPU
		{6F0CDB1D-FADB-46FE-B31A-213040907779}.Release|iPhoneSimulator.Build.0 = Release|Any CPU
		{6F0CDB1D-FADB-46FE-B31A-213040907779}.Release|iPhoneSimulator.Deploy.0 = Release|Any CPU
		{6F0CDB1D-FADB-46FE-B31A-213040907779}.Release|x64.ActiveCfg = Release|Any CPU
		{6F0CDB1D-FADB-46FE-B31A-213040907779}.Release|x64.Build.0 = Release|Any CPU
		{6F0CDB1D-FADB-46FE-B31A-213040907779}.Release|x64.Deploy.0 = Release|Any CPU
		{6F0CDB1D-FADB-46FE-B31A-213040907779}.Release|x86.ActiveCfg = Release|Any CPU
		{6F0CDB1D-FADB-46FE-B31A-213040907779}.Release|x86.Build.0 = Release|Any CPU
		{6F0CDB1D-FADB-46FE-B31A-213040907779}.Release|x86.Deploy.0 = Release|Any CPU
		{9B9D30F2-04FF-41FB-90B8-A7CCA3D64648}.Ad-Hoc|Any CPU.ActiveCfg = Ad-Hoc|iPhone
		{9B9D30F2-04FF-41FB-90B8-A7CCA3D64648}.Ad-Hoc|Any CPU.Build.0 = Ad-Hoc|iPhone
		{9B9D30F2-04FF-41FB-90B8-A7CCA3D64648}.Ad-Hoc|Any CPU.Deploy.0 = Ad-Hoc|iPhone
		{9B9D30F2-04FF-41FB-90B8-A7CCA3D64648}.Ad-Hoc|ARM.ActiveCfg = Ad-Hoc|iPhone
		{9B9D30F2-04FF-41FB-90B8-A7CCA3D64648}.Ad-Hoc|ARM.Build.0 = Ad-Hoc|iPhone
		{9B9D30F2-04FF-41FB-90B8-A7CCA3D64648}.Ad-Hoc|ARM.Deploy.0 = Ad-Hoc|iPhone
		{9B9D30F2-04FF-41FB-90B8-A7CCA3D64648}.Ad-Hoc|iPhone.ActiveCfg = Ad-Hoc|iPhone
		{9B9D30F2-04FF-41FB-90B8-A7CCA3D64648}.Ad-Hoc|iPhone.Build.0 = Ad-Hoc|iPhone
		{9B9D30F2-04FF-41FB-90B8-A7CCA3D64648}.Ad-Hoc|iPhone.Deploy.0 = Ad-Hoc|iPhone
		{9B9D30F2-04FF-41FB-90B8-A7CCA3D64648}.Ad-Hoc|iPhoneSimulator.ActiveCfg = Ad-Hoc|iPhoneSimulator
		{9B9D30F2-04FF-41FB-90B8-A7CCA3D64648}.Ad-Hoc|iPhoneSimulator.Build.0 = Ad-Hoc|iPhoneSimulator
		{9B9D30F2-04FF-41FB-90B8-A7CCA3D64648}.Ad-Hoc|iPhoneSimulator.Deploy.0 = Ad-Hoc|iPhoneSimulator
		{9B9D30F2-04FF-41FB-90B8-A7CCA3D64648}.Ad-Hoc|x64.ActiveCfg = Ad-Hoc|iPhone
		{9B9D30F2-04FF-41FB-90B8-A7CCA3D64648}.Ad-Hoc|x64.Build.0 = Ad-Hoc|iPhone
		{9B9D30F2-04FF-41FB-90B8-A7CCA3D64648}.Ad-Hoc|x64.Deploy.0 = Ad-Hoc|iPhone
		{9B9D30F2-04FF-41FB-90B8-A7CCA3D64648}.Ad-Hoc|x86.ActiveCfg = Ad-Hoc|iPhone
		{9B9D30F2-04FF-41FB-90B8-A7CCA3D64648}.Ad-Hoc|x86.Build.0 = Ad-Hoc|iPhone
		{9B9D30F2-04FF-41FB-90B8-A7CCA3D64648}.Ad-Hoc|x86.Deploy.0 = Ad-Hoc|iPhone
		{9B9D30F2-04FF-41FB-90B8-A7CCA3D64648}.AppStore|Any CPU.ActiveCfg = AppStore|iPhone
		{9B9D30F2-04FF-41FB-90B8-A7CCA3D64648}.AppStore|Any CPU.Build.0 = AppStore|iPhone
		{9B9D30F2-04FF-41FB-90B8-A7CCA3D64648}.AppStore|Any CPU.Deploy.0 = AppStore|iPhone
		{9B9D30F2-04FF-41FB-90B8-A7CCA3D64648}.AppStore|ARM.ActiveCfg = AppStore|iPhone
		{9B9D30F2-04FF-41FB-90B8-A7CCA3D64648}.AppStore|ARM.Build.0 = AppStore|iPhone
		{9B9D30F2-04FF-41FB-90B8-A7CCA3D64648}.AppStore|ARM.Deploy.0 = AppStore|iPhone
		{9B9D30F2-04FF-41FB-90B8-A7CCA3D64648}.AppStore|iPhone.ActiveCfg = AppStore|iPhone
		{9B9D30F2-04FF-41FB-90B8-A7CCA3D64648}.AppStore|iPhone.Build.0 = AppStore|iPhone
		{9B9D30F2-04FF-41FB-90B8-A7CCA3D64648}.AppStore|iPhone.Deploy.0 = AppStore|iPhone
		{9B9D30F2-04FF-41FB-90B8-A7CCA3D64648}.AppStore|iPhoneSimulator.ActiveCfg = AppStore|iPhoneSimulator
		{9B9D30F2-04FF-41FB-90B8-A7CCA3D64648}.AppStore|iPhoneSimulator.Build.0 = AppStore|iPhoneSimulator
		{9B9D30F2-04FF-41FB-90B8-A7CCA3D64648}.AppStore|iPhoneSimulator.Deploy.0 = AppStore|iPhoneSimulator
		{9B9D30F2-04FF-41FB-90B8-A7CCA3D64648}.AppStore|x64.ActiveCfg = AppStore|iPhone
		{9B9D30F2-04FF-41FB-90B8-A7CCA3D64648}.AppStore|x64.Build.0 = AppStore|iPhone
		{9B9D30F2-04FF-41FB-90B8-A7CCA3D64648}.AppStore|x64.Deploy.0 = AppStore|iPhone
		{9B9D30F2-04FF-41FB-90B8-A7CCA3D64648}.AppStore|x86.ActiveCfg = AppStore|iPhone
		{9B9D30F2-04FF-41FB-90B8-A7CCA3D64648}.AppStore|x86.Build.0 = AppStore|iPhone
		{9B9D30F2-04FF-41FB-90B8-A7CCA3D64648}.AppStore|x86.Deploy.0 = AppStore|iPhone
		{9B9D30F2-04FF-41FB-90B8-A7CCA3D64648}.Debug|Any CPU.ActiveCfg = Debug|iPhoneSimulator
		{9B9D30F2-04FF-41FB-90B8-A7CCA3D64648}.Debug|Any CPU.Build.0 = Debug|iPhoneSimulator
		{9B9D30F2-04FF-41FB-90B8-A7CCA3D64648}.Debug|Any CPU.Deploy.0 = Debug|iPhoneSimulator
		{9B9D30F2-04FF-41FB-90B8-A7CCA3D64648}.Debug|ARM.ActiveCfg = Debug|iPhone
		{9B9D30F2-04FF-41FB-90B8-A7CCA3D64648}.Debug|ARM.Build.0 = Debug|iPhone
		{9B9D30F2-04FF-41FB-90B8-A7CCA3D64648}.Debug|ARM.Deploy.0 = Debug|iPhone
		{9B9D30F2-04FF-41FB-90B8-A7CCA3D64648}.Debug|iPhone.ActiveCfg = Debug|iPhone
		{9B9D30F2-04FF-41FB-90B8-A7CCA3D64648}.Debug|iPhone.Build.0 = Debug|iPhone
		{9B9D30F2-04FF-41FB-90B8-A7CCA3D64648}.Debug|iPhone.Deploy.0 = Debug|iPhone
		{9B9D30F2-04FF-41FB-90B8-A7CCA3D64648}.Debug|iPhoneSimulator.ActiveCfg = Debug|iPhoneSimulator
		{9B9D30F2-04FF-41FB-90B8-A7CCA3D64648}.Debug|iPhoneSimulator.Build.0 = Debug|iPhoneSimulator
		{9B9D30F2-04FF-41FB-90B8-A7CCA3D64648}.Debug|iPhoneSimulator.Deploy.0 = Debug|iPhoneSimulator
		{9B9D30F2-04FF-41FB-90B8-A7CCA3D64648}.Debug|x64.ActiveCfg = Debug|iPhone
		{9B9D30F2-04FF-41FB-90B8-A7CCA3D64648}.Debug|x64.Build.0 = Debug|iPhone
		{9B9D30F2-04FF-41FB-90B8-A7CCA3D64648}.Debug|x64.Deploy.0 = Debug|iPhone
		{9B9D30F2-04FF-41FB-90B8-A7CCA3D64648}.Debug|x86.ActiveCfg = Debug|iPhone
		{9B9D30F2-04FF-41FB-90B8-A7CCA3D64648}.Debug|x86.Build.0 = Debug|iPhone
		{9B9D30F2-04FF-41FB-90B8-A7CCA3D64648}.Debug|x86.Deploy.0 = Debug|iPhone
		{9B9D30F2-04FF-41FB-90B8-A7CCA3D64648}.Release|Any CPU.ActiveCfg = Release|iPhone
		{9B9D30F2-04FF-41FB-90B8-A7CCA3D64648}.Release|Any CPU.Build.0 = Release|iPhone
		{9B9D30F2-04FF-41FB-90B8-A7CCA3D64648}.Release|Any CPU.Deploy.0 = Release|iPhone
		{9B9D30F2-04FF-41FB-90B8-A7CCA3D64648}.Release|ARM.ActiveCfg = Release|iPhone
		{9B9D30F2-04FF-41FB-90B8-A7CCA3D64648}.Release|ARM.Build.0 = Release|iPhone
		{9B9D30F2-04FF-41FB-90B8-A7CCA3D64648}.Release|ARM.Deploy.0 = Release|iPhone
		{9B9D30F2-04FF-41FB-90B8-A7CCA3D64648}.Release|iPhone.ActiveCfg = Release|iPhone
		{9B9D30F2-04FF-41FB-90B8-A7CCA3D64648}.Release|iPhone.Build.0 = Release|iPhone
		{9B9D30F2-04FF-41FB-90B8-A7CCA3D64648}.Release|iPhone.Deploy.0 = Release|iPhone
		{9B9D30F2-04FF-41FB-90B8-A7CCA3D64648}.Release|iPhoneSimulator.ActiveCfg = Release|iPhoneSimulator
		{9B9D30F2-04FF-41FB-90B8-A7CCA3D64648}.Release|iPhoneSimulator.Build.0 = Release|iPhoneSimulator
		{9B9D30F2-04FF-41FB-90B8-A7CCA3D64648}.Release|iPhoneSimulator.Deploy.0 = Release|iPhoneSimulator
		{9B9D30F2-04FF-41FB-90B8-A7CCA3D64648}.Release|x64.ActiveCfg = Release|iPhone
		{9B9D30F2-04FF-41FB-90B8-A7CCA3D64648}.Release|x64.Build.0 = Release|iPhone
		{9B9D30F2-04FF-41FB-90B8-A7CCA3D64648}.Release|x64.Deploy.0 = Release|iPhone
		{9B9D30F2-04FF-41FB-90B8-A7CCA3D64648}.Release|x86.ActiveCfg = Release|iPhone
		{9B9D30F2-04FF-41FB-90B8-A7CCA3D64648}.Release|x86.Build.0 = Release|iPhone
		{9B9D30F2-04FF-41FB-90B8-A7CCA3D64648}.Release|x86.Deploy.0 = Release|iPhone
		{CDE59F2F-48D5-4FD8-9EBF-85065F3CF086}.Ad-Hoc|Any CPU.ActiveCfg = Release|x86
		{CDE59F2F-48D5-4FD8-9EBF-85065F3CF086}.Ad-Hoc|Any CPU.Build.0 = Release|x86
		{CDE59F2F-48D5-4FD8-9EBF-85065F3CF086}.Ad-Hoc|Any CPU.Deploy.0 = Release|x86
		{CDE59F2F-48D5-4FD8-9EBF-85065F3CF086}.Ad-Hoc|ARM.ActiveCfg = Release|ARM
		{CDE59F2F-48D5-4FD8-9EBF-85065F3CF086}.Ad-Hoc|ARM.Build.0 = Release|ARM
		{CDE59F2F-48D5-4FD8-9EBF-85065F3CF086}.Ad-Hoc|ARM.Deploy.0 = Release|ARM
		{CDE59F2F-48D5-4FD8-9EBF-85065F3CF086}.Ad-Hoc|iPhone.ActiveCfg = Release|x86
		{CDE59F2F-48D5-4FD8-9EBF-85065F3CF086}.Ad-Hoc|iPhone.Build.0 = Release|x86
		{CDE59F2F-48D5-4FD8-9EBF-85065F3CF086}.Ad-Hoc|iPhone.Deploy.0 = Release|x86
		{CDE59F2F-48D5-4FD8-9EBF-85065F3CF086}.Ad-Hoc|iPhoneSimulator.ActiveCfg = Release|x86
		{CDE59F2F-48D5-4FD8-9EBF-85065F3CF086}.Ad-Hoc|iPhoneSimulator.Build.0 = Release|x86
		{CDE59F2F-48D5-4FD8-9EBF-85065F3CF086}.Ad-Hoc|iPhoneSimulator.Deploy.0 = Release|x86
		{CDE59F2F-48D5-4FD8-9EBF-85065F3CF086}.Ad-Hoc|x64.ActiveCfg = Release|x64
		{CDE59F2F-48D5-4FD8-9EBF-85065F3CF086}.Ad-Hoc|x64.Build.0 = Release|x64
		{CDE59F2F-48D5-4FD8-9EBF-85065F3CF086}.Ad-Hoc|x64.Deploy.0 = Release|x64
		{CDE59F2F-48D5-4FD8-9EBF-85065F3CF086}.Ad-Hoc|x86.ActiveCfg = Release|x86
		{CDE59F2F-48D5-4FD8-9EBF-85065F3CF086}.Ad-Hoc|x86.Build.0 = Release|x86
		{CDE59F2F-48D5-4FD8-9EBF-85065F3CF086}.Ad-Hoc|x86.Deploy.0 = Release|x86
		{CDE59F2F-48D5-4FD8-9EBF-85065F3CF086}.AppStore|Any CPU.ActiveCfg = Release|x86
		{CDE59F2F-48D5-4FD8-9EBF-85065F3CF086}.AppStore|Any CPU.Build.0 = Release|x86
		{CDE59F2F-48D5-4FD8-9EBF-85065F3CF086}.AppStore|Any CPU.Deploy.0 = Release|x86
		{CDE59F2F-48D5-4FD8-9EBF-85065F3CF086}.AppStore|ARM.ActiveCfg = Release|ARM
		{CDE59F2F-48D5-4FD8-9EBF-85065F3CF086}.AppStore|ARM.Build.0 = Release|ARM
		{CDE59F2F-48D5-4FD8-9EBF-85065F3CF086}.AppStore|ARM.Deploy.0 = Release|ARM
		{CDE59F2F-48D5-4FD8-9EBF-85065F3CF086}.AppStore|iPhone.ActiveCfg = Release|x86
		{CDE59F2F-48D5-4FD8-9EBF-85065F3CF086}.AppStore|iPhone.Build.0 = Release|x86
		{CDE59F2F-48D5-4FD8-9EBF-85065F3CF086}.AppStore|iPhone.Deploy.0 = Release|x86
		{CDE59F2F-48D5-4FD8-9EBF-85065F3CF086}.AppStore|iPhoneSimulator.ActiveCfg = Release|x86
		{CDE59F2F-48D5-4FD8-9EBF-85065F3CF086}.AppStore|iPhoneSimulator.Build.0 = Release|x86
		{CDE59F2F-48D5-4FD8-9EBF-85065F3CF086}.AppStore|iPhoneSimulator.Deploy.0 = Release|x86
		{CDE59F2F-48D5-4FD8-9EBF-85065F3CF086}.AppStore|x64.ActiveCfg = Release|x64
		{CDE59F2F-48D5-4FD8-9EBF-85065F3CF086}.AppStore|x64.Build.0 = Release|x64
		{CDE59F2F-48D5-4FD8-9EBF-85065F3CF086}.AppStore|x64.Deploy.0 = Release|x64
		{CDE59F2F-48D5-4FD8-9EBF-85065F3CF086}.AppStore|x86.ActiveCfg = Release|x86
		{CDE59F2F-48D5-4FD8-9EBF-85065F3CF086}.AppStore|x86.Build.0 = Release|x86
		{CDE59F2F-48D5-4FD8-9EBF-85065F3CF086}.AppStore|x86.Deploy.0 = Release|x86
		{CDE59F2F-48D5-4FD8-9EBF-85065F3CF086}.Debug|Any CPU.ActiveCfg = Debug|x86
		{CDE59F2F-48D5-4FD8-9EBF-85065F3CF086}.Debug|Any CPU.Build.0 = Debug|x86
		{CDE59F2F-48D5-4FD8-9EBF-85065F3CF086}.Debug|Any CPU.Deploy.0 = Debug|x86
		{CDE59F2F-48D5-4FD8-9EBF-85065F3CF086}.Debug|ARM.ActiveCfg = Debug|ARM
		{CDE59F2F-48D5-4FD8-9EBF-85065F3CF086}.Debug|ARM.Build.0 = Debug|ARM
		{CDE59F2F-48D5-4FD8-9EBF-85065F3CF086}.Debug|ARM.Deploy.0 = Debug|ARM
		{CDE59F2F-48D5-4FD8-9EBF-85065F3CF086}.Debug|iPhone.ActiveCfg = Debug|x86
		{CDE59F2F-48D5-4FD8-9EBF-85065F3CF086}.Debug|iPhone.Build.0 = Debug|x86
		{CDE59F2F-48D5-4FD8-9EBF-85065F3CF086}.Debug|iPhone.Deploy.0 = Debug|x86
		{CDE59F2F-48D5-4FD8-9EBF-85065F3CF086}.Debug|iPhoneSimulator.ActiveCfg = Debug|x86
		{CDE59F2F-48D5-4FD8-9EBF-85065F3CF086}.Debug|iPhoneSimulator.Build.0 = Debug|x86
		{CDE59F2F-48D5-4FD8-9EBF-85065F3CF086}.Debug|iPhoneSimulator.Deploy.0 = Debug|x86
		{CDE59F2F-48D5-4FD8-9EBF-85065F3CF086}.Debug|x64.ActiveCfg = Debug|x64
		{CDE59F2F-48D5-4FD8-9EBF-85065F3CF086}.Debug|x64.Build.0 = Debug|x64
		{CDE59F2F-48D5-4FD8-9EBF-85065F3CF086}.Debug|x64.Deploy.0 = Debug|x64
		{CDE59F2F-48D5-4FD8-9EBF-85065F3CF086}.Debug|x86.ActiveCfg = Debug|x86
		{CDE59F2F-48D5-4FD8-9EBF-85065F3CF086}.Debug|x86.Build.0 = Debug|x86
		{CDE59F2F-48D5-4FD8-9EBF-85065F3CF086}.Debug|x86.Deploy.0 = Debug|x86
		{CDE59F2F-48D5-4FD8-9EBF-85065F3CF086}.Release|Any CPU.ActiveCfg = Release|x86
		{CDE59F2F-48D5-4FD8-9EBF-85065F3CF086}.Release|Any CPU.Build.0 = Release|x86
		{CDE59F2F-48D5-4FD8-9EBF-85065F3CF086}.Release|Any CPU.Deploy.0 = Release|x86
		{CDE59F2F-48D5-4FD8-9EBF-85065F3CF086}.Release|ARM.ActiveCfg = Release|ARM
		{CDE59F2F-48D5-4FD8-9EBF-85065F3CF086}.Release|ARM.Build.0 = Release|ARM
		{CDE59F2F-48D5-4FD8-9EBF-85065F3CF086}.Release|ARM.Deploy.0 = Release|ARM
		{CDE59F2F-48D5-4FD8-9EBF-85065F3CF086}.Release|iPhone.ActiveCfg = Release|x86
		{CDE59F2F-48D5-4FD8-9EBF-85065F3CF086}.Release|iPhone.Build.0 = Release|x86
		{CDE59F2F-48D5-4FD8-9EBF-85065F3CF086}.Release|iPhone.Deploy.0 = Release|x86
		{CDE59F2F-48D5-4FD8-9EBF-85065F3CF086}.Release|iPhoneSimulator.ActiveCfg = Release|x86
		{CDE59F2F-48D5-4FD8-9EBF-85065F3CF086}.Release|iPhoneSimulator.Build.0 = Release|x86
		{CDE59F2F-48D5-4FD8-9EBF-85065F3CF086}.Release|iPhoneSimulator.Deploy.0 = Release|x86
		{CDE59F2F-48D5-4FD8-9EBF-85065F3CF086}.Release|x64.ActiveCfg = Release|x64
		{CDE59F2F-48D5-4FD8-9EBF-85065F3CF086}.Release|x64.Build.0 = Release|x64
		{CDE59F2F-48D5-4FD8-9EBF-85065F3CF086}.Release|x64.Deploy.0 = Release|x64
		{CDE59F2F-48D5-4FD8-9EBF-85065F3CF086}.Release|x86.ActiveCfg = Release|x86
		{CDE59F2F-48D5-4FD8-9EBF-85065F3CF086}.Release|x86.Build.0 = Release|x86
		{CDE59F2F-48D5-4FD8-9EBF-85065F3CF086}.Release|x86.Deploy.0 = Release|x86
		{3C43EF93-DB2C-40BD-AE77-FC85DA4781F7}.Ad-Hoc|Any CPU.ActiveCfg = Debug|Any CPU
		{3C43EF93-DB2C-40BD-AE77-FC85DA4781F7}.Ad-Hoc|Any CPU.Build.0 = Debug|Any CPU
		{3C43EF93-DB2C-40BD-AE77-FC85DA4781F7}.Ad-Hoc|Any CPU.Deploy.0 = Debug|Any CPU
		{3C43EF93-DB2C-40BD-AE77-FC85DA4781F7}.Ad-Hoc|ARM.ActiveCfg = Debug|Any CPU
		{3C43EF93-DB2C-40BD-AE77-FC85DA4781F7}.Ad-Hoc|ARM.Build.0 = Debug|Any CPU
		{3C43EF93-DB2C-40BD-AE77-FC85DA4781F7}.Ad-Hoc|ARM.Deploy.0 = Debug|Any CPU
		{3C43EF93-DB2C-40BD-AE77-FC85DA4781F7}.Ad-Hoc|iPhone.ActiveCfg = Debug|Any CPU
		{3C43EF93-DB2C-40BD-AE77-FC85DA4781F7}.Ad-Hoc|iPhone.Build.0 = Debug|Any CPU
		{3C43EF93-DB2C-40BD-AE77-FC85DA4781F7}.Ad-Hoc|iPhone.Deploy.0 = Debug|Any CPU
		{3C43EF93-DB2C-40BD-AE77-FC85DA4781F7}.Ad-Hoc|iPhoneSimulator.ActiveCfg = Debug|Any CPU
		{3C43EF93-DB2C-40BD-AE77-FC85DA4781F7}.Ad-Hoc|iPhoneSimulator.Build.0 = Debug|Any CPU
		{3C43EF93-DB2C-40BD-AE77-FC85DA4781F7}.Ad-Hoc|iPhoneSimulator.Deploy.0 = Debug|Any CPU
		{3C43EF93-DB2C-40BD-AE77-FC85DA4781F7}.Ad-Hoc|x64.ActiveCfg = Debug|Any CPU
		{3C43EF93-DB2C-40BD-AE77-FC85DA4781F7}.Ad-Hoc|x64.Build.0 = Debug|Any CPU
		{3C43EF93-DB2C-40BD-AE77-FC85DA4781F7}.Ad-Hoc|x64.Deploy.0 = Debug|Any CPU
		{3C43EF93-DB2C-40BD-AE77-FC85DA4781F7}.Ad-Hoc|x86.ActiveCfg = Debug|Any CPU
		{3C43EF93-DB2C-40BD-AE77-FC85DA4781F7}.Ad-Hoc|x86.Build.0 = Debug|Any CPU
		{3C43EF93-DB2C-40BD-AE77-FC85DA4781F7}.Ad-Hoc|x86.Deploy.0 = Debug|Any CPU
		{3C43EF93-DB2C-40BD-AE77-FC85DA4781F7}.AppStore|Any CPU.ActiveCfg = Debug|Any CPU
		{3C43EF93-DB2C-40BD-AE77-FC85DA4781F7}.AppStore|Any CPU.Build.0 = Debug|Any CPU
		{3C43EF93-DB2C-40BD-AE77-FC85DA4781F7}.AppStore|Any CPU.Deploy.0 = Debug|Any CPU
		{3C43EF93-DB2C-40BD-AE77-FC85DA4781F7}.AppStore|ARM.ActiveCfg = Debug|Any CPU
		{3C43EF93-DB2C-40BD-AE77-FC85DA4781F7}.AppStore|ARM.Build.0 = Debug|Any CPU
		{3C43EF93-DB2C-40BD-AE77-FC85DA4781F7}.AppStore|ARM.Deploy.0 = Debug|Any CPU
		{3C43EF93-DB2C-40BD-AE77-FC85DA4781F7}.AppStore|iPhone.ActiveCfg = Debug|Any CPU
		{3C43EF93-DB2C-40BD-AE77-FC85DA4781F7}.AppStore|iPhone.Build.0 = Debug|Any CPU
		{3C43EF93-DB2C-40BD-AE77-FC85DA4781F7}.AppStore|iPhone.Deploy.0 = Debug|Any CPU
		{3C43EF93-DB2C-40BD-AE77-FC85DA4781F7}.AppStore|iPhoneSimulator.ActiveCfg = Debug|Any CPU
		{3C43EF93-DB2C-40BD-AE77-FC85DA4781F7}.AppStore|iPhoneSimulator.Build.0 = Debug|Any CPU
		{3C43EF93-DB2C-40BD-AE77-FC85DA4781F7}.AppStore|iPhoneSimulator.Deploy.0 = Debug|Any CPU
		{3C43EF93-DB2C-40BD-AE77-FC85DA4781F7}.AppStore|x64.ActiveCfg = Debug|Any CPU
		{3C43EF93-DB2C-40BD-AE77-FC85DA4781F7}.AppStore|x64.Build.0 = Debug|Any CPU
		{3C43EF93-DB2C-40BD-AE77-FC85DA4781F7}.AppStore|x64.Deploy.0 = Debug|Any CPU
		{3C43EF93-DB2C-40BD-AE77-FC85DA4781F7}.AppStore|x86.ActiveCfg = Debug|Any CPU
		{3C43EF93-DB2C-40BD-AE77-FC85DA4781F7}.AppStore|x86.Build.0 = Debug|Any CPU
		{3C43EF93-DB2C-40BD-AE77-FC85DA4781F7}.AppStore|x86.Deploy.0 = Debug|Any CPU
		{3C43EF93-DB2C-40BD-AE77-FC85DA4781F7}.Debug|Any CPU.ActiveCfg = Debug|Any CPU
		{3C43EF93-DB2C-40BD-AE77-FC85DA4781F7}.Debug|Any CPU.Build.0 = Debug|Any CPU
		{3C43EF93-DB2C-40BD-AE77-FC85DA4781F7}.Debug|Any CPU.Deploy.0 = Debug|Any CPU
		{3C43EF93-DB2C-40BD-AE77-FC85DA4781F7}.Debug|ARM.ActiveCfg = Debug|Any CPU
		{3C43EF93-DB2C-40BD-AE77-FC85DA4781F7}.Debug|ARM.Build.0 = Debug|Any CPU
		{3C43EF93-DB2C-40BD-AE77-FC85DA4781F7}.Debug|ARM.Deploy.0 = Debug|Any CPU
		{3C43EF93-DB2C-40BD-AE77-FC85DA4781F7}.Debug|iPhone.ActiveCfg = Debug|Any CPU
		{3C43EF93-DB2C-40BD-AE77-FC85DA4781F7}.Debug|iPhone.Build.0 = Debug|Any CPU
		{3C43EF93-DB2C-40BD-AE77-FC85DA4781F7}.Debug|iPhone.Deploy.0 = Debug|Any CPU
		{3C43EF93-DB2C-40BD-AE77-FC85DA4781F7}.Debug|iPhoneSimulator.ActiveCfg = Debug|Any CPU
		{3C43EF93-DB2C-40BD-AE77-FC85DA4781F7}.Debug|iPhoneSimulator.Build.0 = Debug|Any CPU
		{3C43EF93-DB2C-40BD-AE77-FC85DA4781F7}.Debug|iPhoneSimulator.Deploy.0 = Debug|Any CPU
		{3C43EF93-DB2C-40BD-AE77-FC85DA4781F7}.Debug|x64.ActiveCfg = Debug|Any CPU
		{3C43EF93-DB2C-40BD-AE77-FC85DA4781F7}.Debug|x64.Build.0 = Debug|Any CPU
		{3C43EF93-DB2C-40BD-AE77-FC85DA4781F7}.Debug|x64.Deploy.0 = Debug|Any CPU
		{3C43EF93-DB2C-40BD-AE77-FC85DA4781F7}.Debug|x86.ActiveCfg = Debug|Any CPU
		{3C43EF93-DB2C-40BD-AE77-FC85DA4781F7}.Debug|x86.Build.0 = Debug|Any CPU
		{3C43EF93-DB2C-40BD-AE77-FC85DA4781F7}.Debug|x86.Deploy.0 = Debug|Any CPU
		{3C43EF93-DB2C-40BD-AE77-FC85DA4781F7}.Release|Any CPU.ActiveCfg = Release|Any CPU
		{3C43EF93-DB2C-40BD-AE77-FC85DA4781F7}.Release|Any CPU.Build.0 = Release|Any CPU
		{3C43EF93-DB2C-40BD-AE77-FC85DA4781F7}.Release|Any CPU.Deploy.0 = Release|Any CPU
		{3C43EF93-DB2C-40BD-AE77-FC85DA4781F7}.Release|ARM.ActiveCfg = Release|Any CPU
		{3C43EF93-DB2C-40BD-AE77-FC85DA4781F7}.Release|ARM.Build.0 = Release|Any CPU
		{3C43EF93-DB2C-40BD-AE77-FC85DA4781F7}.Release|ARM.Deploy.0 = Release|Any CPU
		{3C43EF93-DB2C-40BD-AE77-FC85DA4781F7}.Release|iPhone.ActiveCfg = Release|Any CPU
		{3C43EF93-DB2C-40BD-AE77-FC85DA4781F7}.Release|iPhone.Build.0 = Release|Any CPU
		{3C43EF93-DB2C-40BD-AE77-FC85DA4781F7}.Release|iPhone.Deploy.0 = Release|Any CPU
		{3C43EF93-DB2C-40BD-AE77-FC85DA4781F7}.Release|iPhoneSimulator.ActiveCfg = Release|Any CPU
		{3C43EF93-DB2C-40BD-AE77-FC85DA4781F7}.Release|iPhoneSimulator.Build.0 = Release|Any CPU
		{3C43EF93-DB2C-40BD-AE77-FC85DA4781F7}.Release|iPhoneSimulator.Deploy.0 = Release|Any CPU
		{3C43EF93-DB2C-40BD-AE77-FC85DA4781F7}.Release|x64.ActiveCfg = Release|Any CPU
		{3C43EF93-DB2C-40BD-AE77-FC85DA4781F7}.Release|x64.Build.0 = Release|Any CPU
		{3C43EF93-DB2C-40BD-AE77-FC85DA4781F7}.Release|x64.Deploy.0 = Release|Any CPU
		{3C43EF93-DB2C-40BD-AE77-FC85DA4781F7}.Release|x86.ActiveCfg = Release|Any CPU
		{3C43EF93-DB2C-40BD-AE77-FC85DA4781F7}.Release|x86.Build.0 = Release|Any CPU
		{3C43EF93-DB2C-40BD-AE77-FC85DA4781F7}.Release|x86.Deploy.0 = Release|Any CPU
	EndGlobalSection
	GlobalSection(SolutionProperties) = preSolution
		HideSolutionNode = FALSE
	EndGlobalSection
	GlobalSection(ExtensibilityGlobals) = postSolution
		SolutionGuid = {C055AE94-D7C1-4A70-8517-9FAAA5CCD0BA}
	EndGlobalSection
EndGlobal
